# THIS IS AN AUTOGENERATED FILE. DO NOT EDIT THIS FILE DIRECTLY.
# yarn lockfile v1


csv-parse@^5.1.0:
  version "5.1.0"
  resolved "https://registry.yarnpkg.com/csv-parse/-/csv-parse-5.1.0.tgz#e587e969bf0385ecf4f36f584ed5ddebba0237ab"
  integrity sha512-JL+Q6YEikT2uoe57InjFFa6VejhSv0tDwOxeQ1bVQKeUC/NCnLAAZ8n3PzowPQQLuZ37fysDYZipB2UJkH9C6A==
